{
  "requires": true,
  "lockfileVersion": 1,
  "dependencies": {
    "bootstrap": {
      "version": "3.4.1",
      "resolved": "https://registry.npmjs.org/bootstrap/-/bootstrap-3.4.1.tgz",
      "integrity": "sha512-yN5oZVmRCwe5aKwzRj6736nSmKDX7pLYwsXiCj/EYmo16hODaBiT4En5btW/jhBF/seV+XMx3aYwukYC3A49DA=="
    },
    "jquery": {
      "version": "2.2.4",
      "resolved": "https://registry.npmjs.org/jquery/-/jquery-2.2.4.tgz",
      "integrity": "sha1-LInWiJterFIqfuoywUUhVZxsvwI="
    },
    "ngf-bootstrap": {
      "version": "0.0.5",
      "resolved": "https://registry.npmjs.org/ngf-bootstrap/-/ngf-bootstrap-0.0.5.tgz",
      "integrity": "sha1-gq/ucWqw3L4axyGnHsCIhpuxGLI=",
      "requires": {
        "bootstrap": "^3.3.6",
        "jquery": "^2.2.4"
      }
    }
  }
}
